<Solution>
  <Folder Name="/Solution Items/">
    <File Path=".editorconfig" />
  </Folder>
  <Folder Name="/src/">
    <Project Path="src/Library.Api/Library.Api.csproj" />
    <Project Path="src/Library.Application/Library.Application.csproj" />
    <Project Path="src/Library.Domain/Library.Domain.csproj" />
    <Project Path="src/Library.Gateway/Library.Gateway.csproj" />
    <Project Path="src/Library.Infrastructure/Library.Infrastructure.csproj" />
    <Project Path="src/Library.NotificationService/Library.NotificationService.csproj" />
    <Project Path="src/Playground.Mvc/Playground.Mvc.csproj" />
  </Folder>
  <Folder Name="/tests/">
    <Project Path="tests/Library.Tests/Library.Tests.csproj" />
  </Folder>
</Solution>
